
Microsoft Visual Studio Solution File, Format Version 12.00
# Visual Studio Version 17
VisualStudioVersion = 17.2.32519.379
MinimumVisualStudioVersion = 10.0.40219.1
Project("{FAE04EC0-301F-11D3-BF4B-00C04F79EFBC}") = "WebSiteSynthesis", "WebSiteSynthesis\WebSiteSynthesis.csproj", "{0AD8A05F-5E8B-4BC9-A1E5-5196C6B43528}"
EndProject
Project("{FAE04EC0-301F-11D3-BF4B-00C04F79EFBC}") = "UnitTesting", "UnitTesting\UnitTesting.csproj", "{FFCA0EC9-FFF2-4F67-A83B-136B4A841EF1}"
EndProject
Project("{FAE04EC0-301F-11D3-BF4B-00C04F79EFBC}") = "DatabaseLayer", "DataBaseLayer\DatabaseLayer.csproj", "{DF6F6B7D-9BC4-473B-8C22-3DC0318D5B0C}"
EndProject
Project("{FAE04EC0-301F-11D3-BF4B-00C04F79EFBC}") = "LogicLayer", "LogicLayer\LogicLayer.csproj", "{7C9E4D66-4040-41C4-9500-79557D989DD3}"
EndProject
Project("{FAE04EC0-301F-11D3-BF4B-00C04F79EFBC}") = "SynthesisAssignment", "SynthesisAssignment\SynthesisAssignment.csproj", "{4CB2F598-3DB7-4EC7-AC80-9E80345091AD}"
EndProject
Global
	GlobalSection(SolutionConfigurationPlatforms) = preSolution
		Debug|Any CPU = Debug|Any CPU
		Release|Any CPU = Release|Any CPU
	EndGlobalSection
	GlobalSection(ProjectConfigurationPlatforms) = postSolution
		{0AD8A05F-5E8B-4BC9-A1E5-5196C6B43528}.Debug|Any CPU.ActiveCfg = Debug|Any CPU
		{0AD8A05F-5E8B-4BC9-A1E5-5196C6B43528}.Debug|Any CPU.Build.0 = Debug|Any CPU
		{0AD8A05F-5E8B-4BC9-A1E5-5196C6B43528}.Release|Any CPU.ActiveCfg = Release|Any CPU
		{0AD8A05F-5E8B-4BC9-A1E5-5196C6B43528}.Release|Any CPU.Build.0 = Release|Any CPU
		{FFCA0EC9-FFF2-4F67-A83B-136B4A841EF1}.Debug|Any CPU.ActiveCfg = Debug|Any CPU
		{FFCA0EC9-FFF2-4F67-A83B-136B4A841EF1}.Debug|Any CPU.Build.0 = Debug|Any CPU
		{FFCA0EC9-FFF2-4F67-A83B-136B4A841EF1}.Release|Any CPU.ActiveCfg = Release|Any CPU
		{FFCA0EC9-FFF2-4F67-A83B-136B4A841EF1}.Release|Any CPU.Build.0 = Release|Any CPU
		{DF6F6B7D-9BC4-473B-8C22-3DC0318D5B0C}.Debug|Any CPU.ActiveCfg = Debug|Any CPU
		{DF6F6B7D-9BC4-473B-8C22-3DC0318D5B0C}.Debug|Any CPU.Build.0 = Debug|Any CPU
		{DF6F6B7D-9BC4-473B-8C22-3DC0318D5B0C}.Release|Any CPU.ActiveCfg = Release|Any CPU
		{DF6F6B7D-9BC4-473B-8C22-3DC0318D5B0C}.Release|Any CPU.Build.0 = Release|Any CPU
		{7C9E4D66-4040-41C4-9500-79557D989DD3}.Debug|Any CPU.ActiveCfg = Debug|Any CPU
		{7C9E4D66-4040-41C4-9500-79557D989DD3}.Debug|Any CPU.Build.0 = Debug|Any CPU
		{7C9E4D66-4040-41C4-9500-79557D989DD3}.Release|Any CPU.ActiveCfg = Release|Any CPU
		{7C9E4D66-4040-41C4-9500-79557D989DD3}.Release|Any CPU.Build.0 = Release|Any CPU
		{4CB2F598-3DB7-4EC7-AC80-9E80345091AD}.Debug|Any CPU.ActiveCfg = Debug|Any CPU
		{4CB2F598-3DB7-4EC7-AC80-9E80345091AD}.Debug|Any CPU.Build.0 = Debug|Any CPU
		{4CB2F598-3DB7-4EC7-AC80-9E80345091AD}.Release|Any CPU.ActiveCfg = Release|Any CPU
		{4CB2F598-3DB7-4EC7-AC80-9E80345091AD}.Release|Any CPU.Build.0 = Release|Any CPU
	EndGlobalSection
	GlobalSection(SolutionProperties) = preSolution
		HideSolutionNode = FALSE
	EndGlobalSection
	GlobalSection(ExtensibilityGlobals) = postSolution
		SolutionGuid = {411F94A8-19C7-4541-813E-B54D6035122E}
	EndGlobalSection
EndGlobal
